
Microsoft Visual Studio Solution File, Format Version 12.00
# Visual Studio Version 16
VisualStudioVersion = 16.0.30611.23
MinimumVisualStudioVersion = 10.0.40219.1
Project("{9A19103F-16F7-4668-BE54-9A1E7A4F7556}") = "DataStructures", "DataStructures.csproj", "{FF92D5A6-E08C-4B5F-9D51-A3CBC442AE48}"
EndProject
Project("{9A19103F-16F7-4668-BE54-9A1E7A4F7556}") = "LinkedListTests", "..\LinkedListTests\LinkedListTests.csproj", "{7ECA0494-6AE8-4ED2-BA64-52378363F807}"
EndProject
Project("{9A19103F-16F7-4668-BE54-9A1E7A4F7556}") = "IList", "..\IList\IList.csproj", "{FF7C521A-545E-4A28-BBF0-9E52E261B6A4}"
EndProject
Project("{9A19103F-16F7-4668-BE54-9A1E7A4F7556}") = "DoubleLinkedListTests", "..\DoubleLinkedListTests\DoubleLinkedListTests.csproj", "{99B6A269-4BA8-48B4-909E-B0BB0F89F372}"
EndProject
Project("{2150E333-8FDC-42A3-9474-1A3956D46DE8}") = "Solution Items", "Solution Items", "{5FBDAE9F-1E4A-4F0C-8FC5-307863FAB04F}"
EndProject
Project("{FAE04EC0-301F-11D3-BF4B-00C04F79EFBC}") = "DataStructuresTests", "..\DataStructuresTests\DataStructuresTests.csproj", "{BE0E605F-4605-4D80-9395-78DEF0CE8932}"
EndProject
Global
	GlobalSection(SolutionConfigurationPlatforms) = preSolution
		Debug|Any CPU = Debug|Any CPU
		Release|Any CPU = Release|Any CPU
	EndGlobalSection
	GlobalSection(ProjectConfigurationPlatforms) = postSolution
		{FF92D5A6-E08C-4B5F-9D51-A3CBC442AE48}.Debug|Any CPU.ActiveCfg = Debug|Any CPU
		{FF92D5A6-E08C-4B5F-9D51-A3CBC442AE48}.Debug|Any CPU.Build.0 = Debug|Any CPU
		{FF92D5A6-E08C-4B5F-9D51-A3CBC442AE48}.Release|Any CPU.ActiveCfg = Release|Any CPU
		{FF92D5A6-E08C-4B5F-9D51-A3CBC442AE48}.Release|Any CPU.Build.0 = Release|Any CPU
		{7ECA0494-6AE8-4ED2-BA64-52378363F807}.Debug|Any CPU.ActiveCfg = Debug|Any CPU
		{7ECA0494-6AE8-4ED2-BA64-52378363F807}.Debug|Any CPU.Build.0 = Debug|Any CPU
		{7ECA0494-6AE8-4ED2-BA64-52378363F807}.Release|Any CPU.ActiveCfg = Release|Any CPU
		{7ECA0494-6AE8-4ED2-BA64-52378363F807}.Release|Any CPU.Build.0 = Release|Any CPU
		{FF7C521A-545E-4A28-BBF0-9E52E261B6A4}.Debug|Any CPU.ActiveCfg = Debug|Any CPU
		{FF7C521A-545E-4A28-BBF0-9E52E261B6A4}.Debug|Any CPU.Build.0 = Debug|Any CPU
		{FF7C521A-545E-4A28-BBF0-9E52E261B6A4}.Release|Any CPU.ActiveCfg = Release|Any CPU
		{FF7C521A-545E-4A28-BBF0-9E52E261B6A4}.Release|Any CPU.Build.0 = Release|Any CPU
		{99B6A269-4BA8-48B4-909E-B0BB0F89F372}.Debug|Any CPU.ActiveCfg = Debug|Any CPU
		{99B6A269-4BA8-48B4-909E-B0BB0F89F372}.Debug|Any CPU.Build.0 = Debug|Any CPU
		{99B6A269-4BA8-48B4-909E-B0BB0F89F372}.Release|Any CPU.ActiveCfg = Release|Any CPU
		{99B6A269-4BA8-48B4-909E-B0BB0F89F372}.Release|Any CPU.Build.0 = Release|Any CPU
		{BE0E605F-4605-4D80-9395-78DEF0CE8932}.Debug|Any CPU.ActiveCfg = Debug|Any CPU
		{BE0E605F-4605-4D80-9395-78DEF0CE8932}.Debug|Any CPU.Build.0 = Debug|Any CPU
		{BE0E605F-4605-4D80-9395-78DEF0CE8932}.Release|Any CPU.ActiveCfg = Release|Any CPU
		{BE0E605F-4605-4D80-9395-78DEF0CE8932}.Release|Any CPU.Build.0 = Release|Any CPU
	EndGlobalSection
	GlobalSection(SolutionProperties) = preSolution
		HideSolutionNode = FALSE
	EndGlobalSection
	GlobalSection(ExtensibilityGlobals) = postSolution
		SolutionGuid = {A49BDD0C-F928-44BB-9C7F-0AEDB663B6CE}
	EndGlobalSection
EndGlobal
